{
  "name": "node-emailSender",
  "version": "1.0.0",
  "lockfileVersion": 1,
  "requires": true,
  "dependencies": {
    "nodemailer": {
      "version": "6.6.5",
      "resolved": "https://registry.npmjs.org/nodemailer/-/nodemailer-6.6.5.tgz",
      "integrity": "sha512-C/v856DBijUzHcHIgGpQoTrfsH3suKIRAGliIzCstatM2cAa+MYX3LuyCrABiO/cdJTxgBBHXxV1ztiqUwst5A=="
    }
  }
}
